// !$*UTF8*$!
{
	archiveVersion = 1;
	classes = {
	};
	objectVersion = 48;
	objects = {

/* Begin PBXBuildFile section */
		CE278CAF1FE647440094DCE6 /* Main.storyboard in Resources */ = {isa = PBXBuildFile; fileRef = CE278CAD1FE647440094DCE6 /* Main.storyboard */; };
		CE278CB11FE647440094DCE6 /* Assets.xcassets in Resources */ = {isa = PBXBuildFile; fileRef = CE278CB01FE647440094DCE6 /* Assets.xcassets */; };
		CE278CB41FE647440094DCE6 /* LaunchScreen.storyboard in Resources */ = {isa = PBXBuildFile; fileRef = CE278CB21FE647440094DCE6 /* LaunchScreen.storyboard */; };
		CEE229651FE92DB8008D6595 /* ViewController.swift in Sources */ = {isa = PBXBuildFile; fileRef = CEE2295B1FE92DB8008D6595 /* ViewController.swift */; };
		CEE229661FE92DB8008D6595 /* MovieViewController.swift in Sources */ = {isa = PBXBuildFile; fileRef = CEE2295C1FE92DB8008D6595 /* MovieViewController.swift */; };
		CEE229671FE92DB8008D6595 /* MusicViewController.swift in Sources */ = {isa = PBXBuildFile; fileRef = CEE2295D1FE92DB8008D6595 /* MusicViewController.swift */; };
		CEE229681FE92DB8008D6595 /* TechnologyViewController.swift in Sources */ = {isa = PBXBuildFile; fileRef = CEE2295E1FE92DB8008D6595 /* TechnologyViewController.swift */; };
		CEE229691FE92DB8008D6595 /* PoliticsViewController.swift in Sources */ = {isa = PBXBuildFile; fileRef = CEE2295F1FE92DB8008D6595 /* PoliticsViewController.swift */; };
		CEE2296A1FE92DB8008D6595 /* SportsViewController.swift in Sources */ = {isa = PBXBuildFile; fileRef = CEE229601FE92DB8008D6595 /* SportsViewController.swift */; };
		CEE2296B1FE92DB8008D6595 /* EventsNearByViewController.swift in Sources */ = {isa = PBXBuildFile; fileRef = CEE229611FE92DB8008D6595 /* EventsNearByViewController.swift */; };
		CEE2296C1FE92DB8008D6595 /* TrendingNearYouViewController.swift in Sources */ = {isa = PBXBuildFile; fileRef = CEE229621FE92DB8008D6595 /* TrendingNearYouViewController.swift */; };
		CEE2296D1FE92DB8008D6595 /* HorizontalMenuViewController.swift in Sources */ = {isa = PBXBuildFile; fileRef = CEE229631FE92DB8008D6595 /* HorizontalMenuViewController.swift */; };
		CEE2296E1FE92DB8008D6595 /* PageViewController.swift in Sources */ = {isa = PBXBuildFile; fileRef = CEE229641FE92DB8008D6595 /* PageViewController.swift */; };
		CEE229741FE92DD0008D6595 /* MenuItem_CollectionViewCell.swift in Sources */ = {isa = PBXBuildFile; fileRef = CEE229701FE92DCF008D6595 /* MenuItem_CollectionViewCell.swift */; };
		CEE229751FE92DD0008D6595 /* RequestData.swift in Sources */ = {isa = PBXBuildFile; fileRef = CEE229721FE92DCF008D6595 /* RequestData.swift */; };
		CEE229761FE92DD0008D6595 /* AppDelegate.swift in Sources */ = {isa = PBXBuildFile; fileRef = CEE229731FE92DCF008D6595 /* AppDelegate.swift */; };
/* End PBXBuildFile section */

/* Begin PBXFileReference section */
		CE278CA61FE647440094DCE6 /* Glynk.app */ = {isa = PBXFileReference; explicitFileType = wrapper.application; includeInIndex = 0; path = Glynk.app; sourceTree = BUILT_PRODUCTS_DIR; };
		CE278CAE1FE647440094DCE6 /* Base */ = {isa = PBXFileReference; lastKnownFileType = file.storyboard; name = Base; path = Base.lproj/Main.storyboard; sourceTree = "<group>"; };
		CE278CB01FE647440094DCE6 /* Assets.xcassets */ = {isa = PBXFileReference; lastKnownFileType = folder.assetcatalog; path = Assets.xcassets; sourceTree = "<group>"; };
		CE278CB31FE647440094DCE6 /* Base */ = {isa = PBXFileReference; lastKnownFileType = file.storyboard; name = Base; path = Base.lproj/LaunchScreen.storyboard; sourceTree = "<group>"; };
		CE278CB51FE647440094DCE6 /* Info.plist */ = {isa = PBXFileReference; lastKnownFileType = text.plist.xml; path = Info.plist; sourceTree = "<group>"; };
		CEE2295B1FE92DB8008D6595 /* ViewController.swift */ = {isa = PBXFileReference; fileEncoding = 4; lastKnownFileType = sourcecode.swift; path = ViewController.swift; sourceTree = "<group>"; };
		CEE2295C1FE92DB8008D6595 /* MovieViewController.swift */ = {isa = PBXFileReference; fileEncoding = 4; lastKnownFileType = sourcecode.swift; path = MovieViewController.swift; sourceTree = "<group>"; };
		CEE2295D1FE92DB8008D6595 /* MusicViewController.swift */ = {isa = PBXFileReference; fileEncoding = 4; lastKnownFileType = sourcecode.swift; path = MusicViewController.swift; sourceTree = "<group>"; };
		CEE2295E1FE92DB8008D6595 /* TechnologyViewController.swift */ = {isa = PBXFileReference; fileEncoding = 4; lastKnownFileType = sourcecode.swift; path = TechnologyViewController.swift; sourceTree = "<group>"; };
		CEE2295F1FE92DB8008D6595 /* PoliticsViewController.swift */ = {isa = PBXFileReference; fileEncoding = 4; lastKnownFileType = sourcecode.swift; path = PoliticsViewController.swift; sourceTree = "<group>"; };
		CEE229601FE92DB8008D6595 /* SportsViewController.swift */ = {isa = PBXFileReference; fileEncoding = 4; lastKnownFileType = sourcecode.swift; path = SportsViewController.swift; sourceTree = "<group>"; };
		CEE229611FE92DB8008D6595 /* EventsNearByViewController.swift */ = {isa = PBXFileReference; fileEncoding = 4; lastKnownFileType = sourcecode.swift; path = EventsNearByViewController.swift; sourceTree = "<group>"; };
		CEE229621FE92DB8008D6595 /* TrendingNearYouViewController.swift */ = {isa = PBXFileReference; fileEncoding = 4; lastKnownFileType = sourcecode.swift; path = TrendingNearYouViewController.swift; sourceTree = "<group>"; };
		CEE229631FE92DB8008D6595 /* HorizontalMenuViewController.swift */ = {isa = PBXFileReference; fileEncoding = 4; lastKnownFileType = sourcecode.swift; path = HorizontalMenuViewController.swift; sourceTree = "<group>"; };
		CEE229641FE92DB8008D6595 /* PageViewController.swift */ = {isa = PBXFileReference; fileEncoding = 4; lastKnownFileType = sourcecode.swift; path = PageViewController.swift; sourceTree = "<group>"; };
		CEE229701FE92DCF008D6595 /* MenuItem_CollectionViewCell.swift */ = {isa = PBXFileReference; fileEncoding = 4; lastKnownFileType = sourcecode.swift; path = MenuItem_CollectionViewCell.swift; sourceTree = "<group>"; };
		CEE229721FE92DCF008D6595 /* RequestData.swift */ = {isa = PBXFileReference; fileEncoding = 4; lastKnownFileType = sourcecode.swift; path = RequestData.swift; sourceTree = "<group>"; };
		CEE229731FE92DCF008D6595 /* AppDelegate.swift */ = {isa = PBXFileReference; fileEncoding = 4; lastKnownFileType = sourcecode.swift; path = AppDelegate.swift; sourceTree = "<group>"; };
/* End PBXFileReference section */

/* Begin PBXFrameworksBuildPhase section */
		CE278CA31FE647440094DCE6 /* Frameworks */ = {
			isa = PBXFrameworksBuildPhase;
			buildActionMask = 2147483647;
			files = (
			);
			runOnlyForDeploymentPostprocessing = 0;
		};
/* End PBXFrameworksBuildPhase section */

/* Begin PBXGroup section */
		CE278C9D1FE647440094DCE6 = {
			isa = PBXGroup;
			children = (
				CE278CA81FE647440094DCE6 /* Glynk */,
				CE278CA71FE647440094DCE6 /* Products */,
			);
			sourceTree = "<group>";
		};
		CE278CA71FE647440094DCE6 /* Products */ = {
			isa = PBXGroup;
			children = (
				CE278CA61FE647440094DCE6 /* Glynk.app */,
			);
			name = Products;
			sourceTree = "<group>";
		};
		CE278CA81FE647440094DCE6 /* Glynk */ = {
			isa = PBXGroup;
			children = (
				CEE229711FE92DCF008D6595 /* Utils */,
				CEE2295A1FE92DB8008D6595 /* ViewControllers */,
				CEE2296F1FE92DCF008D6595 /* PrototypeCells */,
				CE278CB01FE647440094DCE6 /* Assets.xcassets */,
				CE278CAD1FE647440094DCE6 /* Main.storyboard */,
				CE278CB21FE647440094DCE6 /* LaunchScreen.storyboard */,
				CE278CB51FE647440094DCE6 /* Info.plist */,
			);
			path = Glynk;
			sourceTree = "<group>";
		};
		CEE2295A1FE92DB8008D6595 /* ViewControllers */ = {
			isa = PBXGroup;
			children = (
				CEE2295B1FE92DB8008D6595 /* ViewController.swift */,
				CEE2295C1FE92DB8008D6595 /* MovieViewController.swift */,
				CEE2295D1FE92DB8008D6595 /* MusicViewController.swift */,
				CEE2295E1FE92DB8008D6595 /* TechnologyViewController.swift */,
				CEE2295F1FE92DB8008D6595 /* PoliticsViewController.swift */,
				CEE229601FE92DB8008D6595 /* SportsViewController.swift */,
				CEE229611FE92DB8008D6595 /* EventsNearByViewController.swift */,
				CEE229621FE92DB8008D6595 /* TrendingNearYouViewController.swift */,
				CEE229631FE92DB8008D6595 /* HorizontalMenuViewController.swift */,
				CEE229641FE92DB8008D6595 /* PageViewController.swift */,
			);
			path = ViewControllers;
			sourceTree = "<group>";
		};
		CEE2296F1FE92DCF008D6595 /* PrototypeCells */ = {
			isa = PBXGroup;
			children = (
				CEE229701FE92DCF008D6595 /* MenuItem_CollectionViewCell.swift */,
			);
			path = PrototypeCells;
			sourceTree = "<group>";
		};
		CEE229711FE92DCF008D6595 /* Utils */ = {
			isa = PBXGroup;
			children = (
				CEE229721FE92DCF008D6595 /* RequestData.swift */,
				CEE229731FE92DCF008D6595 /* AppDelegate.swift */,
			);
			path = Utils;
			sourceTree = "<group>";
		};
/* End PBXGroup section */

/* Begin PBXNativeTarget section */
		CE278CA51FE647440094DCE6 /* Glynk */ = {
			isa = PBXNativeTarget;
			buildConfigurationList = CE278CB81FE647440094DCE6 /* Build configuration list for PBXNativeTarget "Glynk" */;
			buildPhases = (
				CE278CA21FE647440094DCE6 /* Sources */,
				CE278CA31FE647440094DCE6 /* Frameworks */,
				CE278CA41FE647440094DCE6 /* Resources */,
			);
			buildRules = (
			);
			dependencies = (
			);
			name = Glynk;
			productName = Glynk;
			productReference = CE278CA61FE647440094DCE6 /* Glynk.app */;
			productType = "com.apple.product-type.application";
		};
/* End PBXNativeTarget section */

/* Begin PBXProject section */
		CE278C9E1FE647440094DCE6 /* Project object */ = {
			isa = PBXProject;
			attributes = {
				LastSwiftUpdateCheck = 0920;
				LastUpgradeCheck = 0920;
				ORGANIZATIONNAME = prabhakar;
				TargetAttributes = {
					CE278CA51FE647440094DCE6 = {
						CreatedOnToolsVersion = 9.2;
						ProvisioningStyle = Automatic;
					};
				};
			};
			buildConfigurationList = CE278CA11FE647440094DCE6 /* Build configuration list for PBXProject "Glynk" */;
			compatibilityVersion = "Xcode 8.0";
			developmentRegion = en;
			hasScannedForEncodings = 0;
			knownRegions = (
				en,
				Base,
			);
			mainGroup = CE278C9D1FE647440094DCE6;
			productRefGroup = CE278CA71FE647440094DCE6 /* Products */;
			projectDirPath = "";
			projectRoot = "";
			targets = (
				CE278CA51FE647440094DCE6 /* Glynk */,
			);
		};
/* End PBXProject section */

/* Begin PBXResourcesBuildPhase section */
		CE278CA41FE647440094DCE6 /* Resources */ = {
			isa = PBXResourcesBuildPhase;
			buildActionMask = 2147483647;
			files = (
				CE278CB41FE647440094DCE6 /* LaunchScreen.storyboard in Resources */,
				CE278CB11FE647440094DCE6 /* Assets.xcassets in Resources */,
				CE278CAF1FE647440094DCE6 /* Main.storyboard in Resources */,
			);
			runOnlyForDeploymentPostprocessing = 0;
		};
/* End PBXResourcesBuildPhase section */

/* Begin PBXSourcesBuildPhase section */
		CE278CA21FE647440094DCE6 /* Sources */ = {
			isa = PBXSourcesBuildPhase;
			buildActionMask = 2147483647;
			files = (
				CEE2296B1FE92DB8008D6595 /* EventsNearByViewController.swift in Sources */,
				CEE229681FE92DB8008D6595 /* TechnologyViewController.swift in Sources */,
				CEE2296C1FE92DB8008D6595 /* TrendingNearYouViewController.swift in Sources */,
				CEE229751FE92DD0008D6595 /* RequestData.swift in Sources */,
				CEE2296E1FE92DB8008D6595 /* PageViewController.swift in Sources */,
				CEE2296D1FE92DB8008D6595 /* HorizontalMenuViewController.swift in Sources */,
				CEE229671FE92DB8008D6595 /* MusicViewController.swift in Sources */,
				CEE2296A1FE92DB8008D6595 /* SportsViewController.swift in Sources */,
				CEE229761FE92DD0008D6595 /* AppDelegate.swift in Sources */,
				CEE229651FE92DB8008D6595 /* ViewController.swift in Sources */,
				CEE229691FE92DB8008D6595 /* PoliticsViewController.swift in Sources */,
				CEE229661FE92DB8008D6595 /* MovieViewController.swift in Sources */,
				CEE229741FE92DD0008D6595 /* MenuItem_CollectionViewCell.swift in Sources */,
			);
			runOnlyForDeploymentPostprocessing = 0;
		};
/* End PBXSourcesBuildPhase section */

/* Begin PBXVariantGroup section */
		CE278CAD1FE647440094DCE6 /* Main.storyboard */ = {
			isa = PBXVariantGroup;
			children = (
				CE278CAE1FE647440094DCE6 /* Base */,
			);
			name = Main.storyboard;
			sourceTree = "<group>";
		};
		CE278CB21FE647440094DCE6 /* LaunchScreen.storyboard */ = {
			isa = PBXVariantGroup;
			children = (
				CE278CB31FE647440094DCE6 /* Base */,
			);
			name = LaunchScreen.storyboard;
			sourceTree = "<group>";
		};
/* End PBXVariantGroup section */

/* Begin XCBuildConfiguration section */
		CE278CB61FE647440094DCE6 /* Debug */ = {
			isa = XCBuildConfiguration;
			buildSettings = {
				ALWAYS_SEARCH_USER_PATHS = NO;
				CLANG_ANALYZER_NONNULL = YES;
				CLANG_ANALYZER_NUMBER_OBJECT_CONVERSION = YES_AGGRESSIVE;
				CLANG_CXX_LANGUAGE_STANDARD = "gnu++14";
				CLANG_CXX_LIBRARY = "libc++";
				CLANG_ENABLE_MODULES = YES;
				CLANG_ENABLE_OBJC_ARC = YES;
				CLANG_WARN_BLOCK_CAPTURE_AUTORELEASING = YES;
				CLANG_WARN_BOOL_CONVERSION = YES;
				CLANG_WARN_COMMA = YES;
				CLANG_WARN_CONSTANT_CONVERSION = YES;
				CLANG_WARN_DIRECT_OBJC_ISA_USAGE = YES_ERROR;
				CLANG_WARN_DOCUMENTATION_COMMENTS = YES;
				CLANG_WARN_EMPTY_BODY = YES;
				CLANG_WARN_ENUM_CONVERSION = YES;
				CLANG_WARN_INFINITE_RECURSION = YES;
				CLANG_WARN_INT_CONVERSION = YES;
				CLANG_WARN_NON_LITERAL_NULL_CONVERSION = YES;
				CLANG_WARN_OBJC_LITERAL_CONVERSION = YES;
				CLANG_WARN_OBJC_ROOT_CLASS = YES_ERROR;
				CLANG_WARN_RANGE_LOOP_ANALYSIS = YES;
				CLANG_WARN_STRICT_PROTOTYPES = YES;
				CLANG_WARN_SUSPICIOUS_MOVE = YES;
				CLANG_WARN_UNGUARDED_AVAILABILITY = YES_AGGRESSIVE;
				CLANG_WARN_UNREACHABLE_CODE = YES;
				CLANG_WARN__DUPLICATE_METHOD_MATCH = YES;
				CODE_SIGN_IDENTITY = "iPhone Developer";
				COPY_PHASE_STRIP = NO;
				DEBUG_INFORMATION_FORMAT = dwarf;
				ENABLE_STRICT_OBJC_MSGSEND = YES;
				ENABLE_TESTABILITY = YES;
				GCC_C_LANGUAGE_STANDARD = gnu11;
				GCC_DYNAMIC_NO_PIC = NO;
				GCC_NO_COMMON_BLOCKS = YES;
				GCC_OPTIMIZATION_LEVEL = 0;
				GCC_PREPROCESSOR_DEFINITIONS = (
					"DEBUG=1",
					"$(inherited)",
				);
				GCC_WARN_64_TO_32_BIT_CONVERSION = YES;
				GCC_WARN_ABOUT_RETURN_TYPE = YES_ERROR;
				GCC_WARN_UNDECLARED_SELECTOR = YES;
				GCC_WARN_UNINITIALIZED_AUTOS = YES_AGGRESSIVE;
				GCC_WARN_UNUSED_FUNCTION = YES;
				GCC_WARN_UNUSED_VARIABLE = YES;
				IPHONEOS_DEPLOYMENT_TARGET = 11.2;
				MTL_ENABLE_DEBUG_INFO = YES;
				ONLY_ACTIVE_ARCH = YES;
				SDKROOT = iphoneos;
				SWIFT_ACTIVE_COMPILATION_CONDITIONS = DEBUG;
				SWIFT_OPTIMIZATION_LEVEL = "-Onone";
			};
			name = Debug;
		};
		CE278CB71FE647440094DCE6 /* Release */ = {
			isa = XCBuildConfiguration;
			buildSettings = {
				ALWAYS_SEARCH_USER_PATHS = NO;
				CLANG_ANALYZER_NONNULL = YES;
				CLANG_ANALYZER_NUMBER_OBJECT_CONVERSION = YES_AGGRESSIVE;
				CLANG_CXX_LANGUAGE_STANDARD = "gnu++14";
				CLANG_CXX_LIBRARY = "libc++";
				CLANG_ENABLE_MODULES = YES;
				CLANG_ENABLE_OBJC_ARC = YES;
				CLANG_WARN_BLOCK_CAPTURE_AUTORELEASING = YES;
				CLANG_WARN_BOOL_CONVERSION = YES;
				CLANG_WARN_COMMA = YES;
				CLANG_WARN_CONSTANT_CONVERSION = YES;
				CLANG_WARN_DIRECT_OBJC_ISA_USAGE = YES_ERROR;
				CLANG_WARN_DOCUMENTATION_COMMENTS = YES;
				CLANG_WARN_EMPTY_BODY = YES;
				CLANG_WARN_ENUM_CONVERSION = YES;
				CLANG_WARN_INFINITE_RECURSION = YES;
				CLANG_WARN_INT_CONVERSION = YES;
				CLANG_WARN_NON_LITERAL_NULL_CONVERSION = YES;
				CLANG_WARN_OBJC_LITERAL_CONVERSION = YES;
				CLANG_WARN_OBJC_ROOT_CLASS = YES_ERROR;
				CLANG_WARN_RANGE_LOOP_ANALYSIS = YES;
				CLANG_WARN_STRICT_PROTOTYPES = YES;
				CLANG_WARN_SUSPICIOUS_MOVE = YES;
				CLANG_WARN_UNGUARDED_AVAILABILITY = YES_AGGRESSIVE;
				CLANG_WARN_UNREACHABLE_CODE = YES;
				CLANG_WARN__DUPLICATE_METHOD_MATCH = YES;
				CODE_SIGN_IDENTITY = "iPhone Developer";
				COPY_PHASE_STRIP = NO;
				DEBUG_INFORMATION_FORMAT = "dwarf-with-dsym";
				ENABLE_NS_ASSERTIONS = NO;
				ENABLE_STRICT_OBJC_MSGSEND = YES;
				GCC_C_LANGUAGE_STANDARD = gnu11;
				GCC_NO_COMMON_BLOCKS = YES;
				GCC_WARN_64_TO_32_BIT_CONVERSION = YES;
				GCC_WARN_ABOUT_RETURN_TYPE = YES_ERROR;
				GCC_WARN_UNDECLARED_SELECTOR = YES;
				GCC_WARN_UNINITIALIZED_AUTOS = YES_AGGRESSIVE;
				GCC_WARN_UNUSED_FUNCTION = YES;
				GCC_WARN_UNUSED_VARIABLE = YES;
				IPHONEOS_DEPLOYMENT_TARGET = 11.2;
				MTL_ENABLE_DEBUG_INFO = NO;
				SDKROOT = iphoneos;
				SWIFT_OPTIMIZATION_LEVEL = "-Owholemodule";
				VALIDATE_PRODUCT = YES;
			};
			name = Release;
		};
		CE278CB91FE647440094DCE6 /* Debug */ = {
			isa = XCBuildConfiguration;
			buildSettings = {
				ASSETCATALOG_COMPILER_APPICON_NAME = AppIcon;
				CODE_SIGN_STYLE = Automatic;
				DEVELOPMENT_TEAM = 7W29T5H6FP;
				INFOPLIST_FILE = Glynk/Info.plist;
				IPHONEOS_DEPLOYMENT_TARGET = 11.0;
				LD_RUNPATH_SEARCH_PATHS = "$(inherited) @executable_path/Frameworks";
				PRODUCT_BUNDLE_IDENTIFIER = com.prabhakar.ios.Glynk;
				PRODUCT_NAME = "$(TARGET_NAME)";
				SWIFT_VERSION = 4.0;
				TARGETED_DEVICE_FAMILY = "1,2";
			};
			name = Debug;
		};
		CE278CBA1FE647440094DCE6 /* Release */ = {
			isa = XCBuildConfiguration;
			buildSettings = {
				ASSETCATALOG_COMPILER_APPICON_NAME = AppIcon;
				CODE_SIGN_STYLE = Automatic;
				DEVELOPMENT_TEAM = 7W29T5H6FP;
				INFOPLIST_FILE = Glynk/Info.plist;
				IPHONEOS_DEPLOYMENT_TARGET = 11.0;
				LD_RUNPATH_SEARCH_PATHS = "$(inherited) @executable_path/Frameworks";
				PRODUCT_BUNDLE_IDENTIFIER = com.prabhakar.ios.Glynk;
				PRODUCT_NAME = "$(TARGET_NAME)";
				SWIFT_VERSION = 4.0;
				TARGETED_DEVICE_FAMILY = "1,2";
			};
			name = Release;
		};
/* End XCBuildConfiguration section */

/* Begin XCConfigurationList section */
		CE278CA11FE647440094DCE6 /* Build configuration list for PBXProject "Glynk" */ = {
			isa = XCConfigurationList;
			buildConfigurations = (
				CE278CB61FE647440094DCE6 /* Debug */,
				CE278CB71FE647440094DCE6 /* Release */,
			);
			defaultConfigurationIsVisible = 0;
			defaultConfigurationName = Release;
		};
		CE278CB81FE647440094DCE6 /* Build configuration list for PBXNativeTarget "Glynk" */ = {
			isa = XCConfigurationList;
			buildConfigurations = (
				CE278CB91FE647440094DCE6 /* Debug */,
				CE278CBA1FE647440094DCE6 /* Release */,
			);
			defaultConfigurationIsVisible = 0;
			defaultConfigurationName = Release;
		};
/* End XCConfigurationList section */
	};
	rootObject = CE278C9E1FE647440094DCE6 /* Project object */;
}
